uuid: bd016c35-87cf-4afd-98a7-58f034ce29f4
langcode: en
status: true
dependencies:
  content:
    - 'block_content:basic:16423b79-ae4f-4903-86cb-3ef057244757'
  module:
    - block_content
    - system
  theme:
    - tedx_pipitea_theme
id: eventpageblock
theme: tedx_pipitea_theme
region: content_before
weight: 0
provider: null
plugin: 'block_content:16423b79-ae4f-4903-86cb-3ef057244757'
settings:
  id: 'block_content:16423b79-ae4f-4903-86cb-3ef057244757'
  label: 'Event Page Block'
  provider: block_content
  label_display: '0'
  status: true
  info: ''
  view_mode: full
visibility:
  request_path:
    id: request_path
    pages: /event
    negate: false
