uuid: 42859787-9951-4afa-a0f4-baaec3abfdb8
langcode: en
status: true
dependencies:
  content:
    - 'block_content:basic:63dc3666-8b00-45a0-9e0d-c867f6b0497b'
  module:
    - block_content
    - system
  theme:
    - tedx_pipitea_theme
id: bannerblock
theme: tedx_pipitea_theme
region: content_before
weight: 0
provider: null
plugin: 'block_content:63dc3666-8b00-45a0-9e0d-c867f6b0497b'
settings:
  id: 'block_content:63dc3666-8b00-45a0-9e0d-c867f6b0497b'
  label: 'Banner Block'
  provider: block_content
  label_display: '0'
  status: true
  info: ''
  view_mode: full
visibility:
  request_path:
    id: request_path
    pages: '<front>'
    negate: false
